
Microsoft Visual Studio Solution File, Format Version 12.00
# Visual Studio Version 17
VisualStudioVersion = 17.14.36511.14 d17.14
MinimumVisualStudioVersion = 10.0.40219.1
Project("{FAE04EC0-301F-11D3-BF4B-00C04F79EFBC}") = "WinFormsApp1", "WinFormsApp1\WinFormsApp1.csproj", "{419C7C17-489C-4816-8716-8093322157ED}"
EndProject
Global
	GlobalSection(SolutionConfigurationPlatforms) = preSolution
		Debug|Any CPU = Debug|Any CPU
		Release|Any CPU = Release|Any CPU
	EndGlobalSection
	GlobalSection(ProjectConfigurationPlatforms) = postSolution
		{419C7C17-489C-4816-8716-8093322157ED}.Debug|Any CPU.ActiveCfg = Debug|Any CPU
		{419C7C17-489C-4816-8716-8093322157ED}.Debug|Any CPU.Build.0 = Debug|Any CPU
		{419C7C17-489C-4816-8716-8093322157ED}.Release|Any CPU.ActiveCfg = Release|Any CPU
		{419C7C17-489C-4816-8716-8093322157ED}.Release|Any CPU.Build.0 = Release|Any CPU
	EndGlobalSection
	GlobalSection(SolutionProperties) = preSolution
		HideSolutionNode = FALSE
	EndGlobalSection
	GlobalSection(ExtensibilityGlobals) = postSolution
		SolutionGuid = {30159D6B-34FF-4705-93F6-C823C797C942}
	EndGlobalSection
EndGlobal
